// !$*UTF8*$!
{
	archiveVersion = 1;
	classes = {
	};
	objectVersion = 52;
	objects = {

/* Begin PBXBuildFile section */
		F99E411626B5665200BD9F22 /* NewsDetailsResponse.swift in Sources */ = {isa = PBXBuildFile; fileRef = F99E411526B5665200BD9F22 /* NewsDetailsResponse.swift */; };
		F99E411826B56D1E00BD9F22 /* DetailsCellPresenter.swift in Sources */ = {isa = PBXBuildFile; fileRef = F99E411726B56D1E00BD9F22 /* DetailsCellPresenter.swift */; };
		F99E411B26B56EAB00BD9F22 /* Kingfisher in Frameworks */ = {isa = PBXBuildFile; productRef = F99E411A26B56EAB00BD9F22 /* Kingfisher */; };
		F99E412226B5AEF700BD9F22 /* DetailsCell.swift in Sources */ = {isa = PBXBuildFile; fileRef = F99E412026B5AEF700BD9F22 /* DetailsCell.swift */; };
		F99E412326B5AEF700BD9F22 /* DetailsCell.xib in Resources */ = {isa = PBXBuildFile; fileRef = F99E412126B5AEF700BD9F22 /* DetailsCell.xib */; };
		F99E412526B5D0B600BD9F22 /* Throttle.swift in Sources */ = {isa = PBXBuildFile; fileRef = F99E412426B5D0B600BD9F22 /* Throttle.swift */; };
		F99E412726B68BE300BD9F22 /* MockHomeViewController.swift in Sources */ = {isa = PBXBuildFile; fileRef = F99E412626B68BE300BD9F22 /* MockHomeViewController.swift */; };
		F99E412A26B68D0900BD9F22 /* MockHomeInteractor.swift in Sources */ = {isa = PBXBuildFile; fileRef = F99E412926B68D0900BD9F22 /* MockHomeInteractor.swift */; };
		F99E412C26B68DBA00BD9F22 /* HomePresenterTests.swift in Sources */ = {isa = PBXBuildFile; fileRef = F99E412B26B68DBA00BD9F22 /* HomePresenterTests.swift */; };
		F99E412E26B68E8100BD9F22 /* MockHomeRouter.swift in Sources */ = {isa = PBXBuildFile; fileRef = F99E412D26B68E8100BD9F22 /* MockHomeRouter.swift */; };
		F99E413426B6995600BD9F22 /* NewsSourcesResponse.json in Resources */ = {isa = PBXBuildFile; fileRef = F99E413326B6995600BD9F22 /* NewsSourcesResponse.json */; };
		F9A2959326B46F7D002FF335 /* AppDelegate.swift in Sources */ = {isa = PBXBuildFile; fileRef = F9A2959226B46F7D002FF335 /* AppDelegate.swift */; };
		F9A2959526B46F7D002FF335 /* SceneDelegate.swift in Sources */ = {isa = PBXBuildFile; fileRef = F9A2959426B46F7D002FF335 /* SceneDelegate.swift */; };
		F9A2959C26B46F7F002FF335 /* Assets.xcassets in Resources */ = {isa = PBXBuildFile; fileRef = F9A2959B26B46F7F002FF335 /* Assets.xcassets */; };
		F9A2959F26B46F7F002FF335 /* LaunchScreen.storyboard in Resources */ = {isa = PBXBuildFile; fileRef = F9A2959D26B46F7F002FF335 /* LaunchScreen.storyboard */; };
		F9A295AA26B46F7F002FF335 /* HBNewsTests.swift in Sources */ = {isa = PBXBuildFile; fileRef = F9A295A926B46F7F002FF335 /* HBNewsTests.swift */; };
		F9A295B526B46F7F002FF335 /* HBNewsUITests.swift in Sources */ = {isa = PBXBuildFile; fileRef = F9A295B426B46F7F002FF335 /* HBNewsUITests.swift */; };
		F9A295C826B47155002FF335 /* SplashPresenter.swift in Sources */ = {isa = PBXBuildFile; fileRef = F9A295C426B47155002FF335 /* SplashPresenter.swift */; };
		F9A295C926B47155002FF335 /* SplashRouter.swift in Sources */ = {isa = PBXBuildFile; fileRef = F9A295C526B47155002FF335 /* SplashRouter.swift */; };
		F9A295CB26B47155002FF335 /* SplashInteractor.swift in Sources */ = {isa = PBXBuildFile; fileRef = F9A295C726B47155002FF335 /* SplashInteractor.swift */; };
		F9A295CF26B471AA002FF335 /* SplashViewController.swift in Sources */ = {isa = PBXBuildFile; fileRef = F9A295CD26B471AA002FF335 /* SplashViewController.swift */; };
		F9A295D026B471AA002FF335 /* SplashViewController.xib in Resources */ = {isa = PBXBuildFile; fileRef = F9A295CE26B471AA002FF335 /* SplashViewController.xib */; };
		F9A295D326B476DD002FF335 /* Alamofire in Frameworks */ = {isa = PBXBuildFile; productRef = F9A295D226B476DD002FF335 /* Alamofire */; };
		F9A295D626B47753002FF335 /* NetworkManager.swift in Sources */ = {isa = PBXBuildFile; fileRef = F9A295D526B47753002FF335 /* NetworkManager.swift */; };
		F9A295D926B47905002FF335 /* BaseViewController.swift in Sources */ = {isa = PBXBuildFile; fileRef = F9A295D826B47905002FF335 /* BaseViewController.swift */; };
		F9A295E026B47DC7002FF335 /* HomePresenter.swift in Sources */ = {isa = PBXBuildFile; fileRef = F9A295DC26B47DC7002FF335 /* HomePresenter.swift */; };
		F9A295E126B47DC7002FF335 /* HomeRouter.swift in Sources */ = {isa = PBXBuildFile; fileRef = F9A295DD26B47DC7002FF335 /* HomeRouter.swift */; };
		F9A295E326B47DC7002FF335 /* HomeInteractor.swift in Sources */ = {isa = PBXBuildFile; fileRef = F9A295DF26B47DC7002FF335 /* HomeInteractor.swift */; };
		F9A295E626B47DDE002FF335 /* HomeViewController.swift in Sources */ = {isa = PBXBuildFile; fileRef = F9A295E426B47DDE002FF335 /* HomeViewController.swift */; };
		F9A295E726B47DDE002FF335 /* HomeViewController.xib in Resources */ = {isa = PBXBuildFile; fileRef = F9A295E526B47DDE002FF335 /* HomeViewController.xib */; };
		F9A295E926B49C20002FF335 /* ServiceManager.swift in Sources */ = {isa = PBXBuildFile; fileRef = F9A295E826B49C20002FF335 /* ServiceManager.swift */; };
		F9A295EB26B49D3B002FF335 /* NewsSourcesResponse.swift in Sources */ = {isa = PBXBuildFile; fileRef = F9A295EA26B49D3A002FF335 /* NewsSourcesResponse.swift */; };
		F9A295ED26B49D9E002FF335 /* Router.swift in Sources */ = {isa = PBXBuildFile; fileRef = F9A295EC26B49D9E002FF335 /* Router.swift */; };
		F9A295EF26B4AAE0002FF335 /* Extensions.swift in Sources */ = {isa = PBXBuildFile; fileRef = F9A295EE26B4AAE0002FF335 /* Extensions.swift */; };
		F9A295F326B4AB32002FF335 /* SourcesCell.swift in Sources */ = {isa = PBXBuildFile; fileRef = F9A295F126B4AB32002FF335 /* SourcesCell.swift */; };
		F9A295F426B4AB32002FF335 /* SourcesCell.xib in Resources */ = {isa = PBXBuildFile; fileRef = F9A295F226B4AB32002FF335 /* SourcesCell.xib */; };
		F9A295F626B4B001002FF335 /* SourcesCellPresenter.swift in Sources */ = {isa = PBXBuildFile; fileRef = F9A295F526B4B001002FF335 /* SourcesCellPresenter.swift */; };
		F9A295FD26B53D38002FF335 /* LoadingView.swift in Sources */ = {isa = PBXBuildFile; fileRef = F9A295FC26B53D38002FF335 /* LoadingView.swift */; };
		F9A2960026B53D63002FF335 /* LoadingShowable.swift in Sources */ = {isa = PBXBuildFile; fileRef = F9A295FF26B53D63002FF335 /* LoadingShowable.swift */; };
		F9A2960526B54070002FF335 /* DetailsPresenter.swift in Sources */ = {isa = PBXBuildFile; fileRef = F9A2960126B54070002FF335 /* DetailsPresenter.swift */; };
		F9A2960626B54070002FF335 /* DetailsRouter.swift in Sources */ = {isa = PBXBuildFile; fileRef = F9A2960226B54070002FF335 /* DetailsRouter.swift */; };
		F9A2960826B54070002FF335 /* DetailsInteractor.swift in Sources */ = {isa = PBXBuildFile; fileRef = F9A2960426B54070002FF335 /* DetailsInteractor.swift */; };
		F9A2960B26B5408C002FF335 /* DetailsViewController.swift in Sources */ = {isa = PBXBuildFile; fileRef = F9A2960926B5408C002FF335 /* DetailsViewController.swift */; };
		F9A2960C26B5408C002FF335 /* DetailsViewController.xib in Resources */ = {isa = PBXBuildFile; fileRef = F9A2960A26B5408C002FF335 /* DetailsViewController.xib */; };
/* End PBXBuildFile section */

/* Begin PBXContainerItemProxy section */
		F9A295A626B46F7F002FF335 /* PBXContainerItemProxy */ = {
			isa = PBXContainerItemProxy;
			containerPortal = F9A2958726B46F7D002FF335 /* Project object */;
			proxyType = 1;
			remoteGlobalIDString = F9A2958E26B46F7D002FF335;
			remoteInfo = HBNews;
		};
		F9A295B126B46F7F002FF335 /* PBXContainerItemProxy */ = {
			isa = PBXContainerItemProxy;
			containerPortal = F9A2958726B46F7D002FF335 /* Project object */;
			proxyType = 1;
			remoteGlobalIDString = F9A2958E26B46F7D002FF335;
			remoteInfo = HBNews;
		};
/* End PBXContainerItemProxy section */

/* Begin PBXFileReference section */
		F99E411526B5665200BD9F22 /* NewsDetailsResponse.swift */ = {isa = PBXFileReference; lastKnownFileType = sourcecode.swift; path = NewsDetailsResponse.swift; sourceTree = "<group>"; };
		F99E411726B56D1E00BD9F22 /* DetailsCellPresenter.swift */ = {isa = PBXFileReference; lastKnownFileType = sourcecode.swift; path = DetailsCellPresenter.swift; sourceTree = "<group>"; };
		F99E412026B5AEF700BD9F22 /* DetailsCell.swift */ = {isa = PBXFileReference; lastKnownFileType = sourcecode.swift; path = DetailsCell.swift; sourceTree = "<group>"; };
		F99E412126B5AEF700BD9F22 /* DetailsCell.xib */ = {isa = PBXFileReference; lastKnownFileType = file.xib; path = DetailsCell.xib; sourceTree = "<group>"; };
		F99E412426B5D0B600BD9F22 /* Throttle.swift */ = {isa = PBXFileReference; lastKnownFileType = sourcecode.swift; path = Throttle.swift; sourceTree = "<group>"; };
		F99E412626B68BE300BD9F22 /* MockHomeViewController.swift */ = {isa = PBXFileReference; lastKnownFileType = sourcecode.swift; path = MockHomeViewController.swift; sourceTree = "<group>"; };
		F99E412926B68D0900BD9F22 /* MockHomeInteractor.swift */ = {isa = PBXFileReference; lastKnownFileType = sourcecode.swift; path = MockHomeInteractor.swift; sourceTree = "<group>"; };
		F99E412B26B68DBA00BD9F22 /* HomePresenterTests.swift */ = {isa = PBXFileReference; lastKnownFileType = sourcecode.swift; path = HomePresenterTests.swift; sourceTree = "<group>"; };
		F99E412D26B68E8100BD9F22 /* MockHomeRouter.swift */ = {isa = PBXFileReference; lastKnownFileType = sourcecode.swift; path = MockHomeRouter.swift; sourceTree = "<group>"; };
		F99E413326B6995600BD9F22 /* NewsSourcesResponse.json */ = {isa = PBXFileReference; lastKnownFileType = text.json; path = NewsSourcesResponse.json; sourceTree = "<group>"; };
		F9A2958F26B46F7D002FF335 /* HBNews.app */ = {isa = PBXFileReference; explicitFileType = wrapper.application; includeInIndex = 0; path = HBNews.app; sourceTree = BUILT_PRODUCTS_DIR; };
		F9A2959226B46F7D002FF335 /* AppDelegate.swift */ = {isa = PBXFileReference; lastKnownFileType = sourcecode.swift; path = AppDelegate.swift; sourceTree = "<group>"; };
		F9A2959426B46F7D002FF335 /* SceneDelegate.swift */ = {isa = PBXFileReference; lastKnownFileType = sourcecode.swift; path = SceneDelegate.swift; sourceTree = "<group>"; };
		F9A2959B26B46F7F002FF335 /* Assets.xcassets */ = {isa = PBXFileReference; lastKnownFileType = folder.assetcatalog; path = Assets.xcassets; sourceTree = "<group>"; };
		F9A2959E26B46F7F002FF335 /* Base */ = {isa = PBXFileReference; lastKnownFileType = file.storyboard; name = Base; path = Base.lproj/LaunchScreen.storyboard; sourceTree = "<group>"; };
		F9A295A026B46F7F002FF335 /* Info.plist */ = {isa = PBXFileReference; lastKnownFileType = text.plist.xml; path = Info.plist; sourceTree = "<group>"; };
		F9A295A526B46F7F002FF335 /* HBNewsTests.xctest */ = {isa = PBXFileReference; explicitFileType = wrapper.cfbundle; includeInIndex = 0; path = HBNewsTests.xctest; sourceTree = BUILT_PRODUCTS_DIR; };
		F9A295A926B46F7F002FF335 /* HBNewsTests.swift */ = {isa = PBXFileReference; lastKnownFileType = sourcecode.swift; path = HBNewsTests.swift; sourceTree = "<group>"; };
		F9A295AB26B46F7F002FF335 /* Info.plist */ = {isa = PBXFileReference; lastKnownFileType = text.plist.xml; path = Info.plist; sourceTree = "<group>"; };
		F9A295B026B46F7F002FF335 /* HBNewsUITests.xctest */ = {isa = PBXFileReference; explicitFileType = wrapper.cfbundle; includeInIndex = 0; path = HBNewsUITests.xctest; sourceTree = BUILT_PRODUCTS_DIR; };
		F9A295B426B46F7F002FF335 /* HBNewsUITests.swift */ = {isa = PBXFileReference; lastKnownFileType = sourcecode.swift; path = HBNewsUITests.swift; sourceTree = "<group>"; };
		F9A295B626B46F7F002FF335 /* Info.plist */ = {isa = PBXFileReference; lastKnownFileType = text.plist.xml; path = Info.plist; sourceTree = "<group>"; };
		F9A295C426B47155002FF335 /* SplashPresenter.swift */ = {isa = PBXFileReference; lastKnownFileType = sourcecode.swift; path = SplashPresenter.swift; sourceTree = "<group>"; };
		F9A295C526B47155002FF335 /* SplashRouter.swift */ = {isa = PBXFileReference; lastKnownFileType = sourcecode.swift; path = SplashRouter.swift; sourceTree = "<group>"; };
		F9A295C726B47155002FF335 /* SplashInteractor.swift */ = {isa = PBXFileReference; lastKnownFileType = sourcecode.swift; path = SplashInteractor.swift; sourceTree = "<group>"; };
		F9A295CD26B471AA002FF335 /* SplashViewController.swift */ = {isa = PBXFileReference; lastKnownFileType = sourcecode.swift; path = SplashViewController.swift; sourceTree = "<group>"; };
		F9A295CE26B471AA002FF335 /* SplashViewController.xib */ = {isa = PBXFileReference; lastKnownFileType = file.xib; path = SplashViewController.xib; sourceTree = "<group>"; };
		F9A295D526B47753002FF335 /* NetworkManager.swift */ = {isa = PBXFileReference; lastKnownFileType = sourcecode.swift; path = NetworkManager.swift; sourceTree = "<group>"; };
		F9A295D826B47905002FF335 /* BaseViewController.swift */ = {isa = PBXFileReference; lastKnownFileType = sourcecode.swift; path = BaseViewController.swift; sourceTree = "<group>"; };
		F9A295DC26B47DC7002FF335 /* HomePresenter.swift */ = {isa = PBXFileReference; lastKnownFileType = sourcecode.swift; path = HomePresenter.swift; sourceTree = "<group>"; };
		F9A295DD26B47DC7002FF335 /* HomeRouter.swift */ = {isa = PBXFileReference; lastKnownFileType = sourcecode.swift; path = HomeRouter.swift; sourceTree = "<group>"; };
		F9A295DF26B47DC7002FF335 /* HomeInteractor.swift */ = {isa = PBXFileReference; lastKnownFileType = sourcecode.swift; path = HomeInteractor.swift; sourceTree = "<group>"; };
		F9A295E426B47DDE002FF335 /* HomeViewController.swift */ = {isa = PBXFileReference; lastKnownFileType = sourcecode.swift; path = HomeViewController.swift; sourceTree = "<group>"; };
		F9A295E526B47DDE002FF335 /* HomeViewController.xib */ = {isa = PBXFileReference; lastKnownFileType = file.xib; path = HomeViewController.xib; sourceTree = "<group>"; };
		F9A295E826B49C20002FF335 /* ServiceManager.swift */ = {isa = PBXFileReference; lastKnownFileType = sourcecode.swift; path = ServiceManager.swift; sourceTree = "<group>"; };
		F9A295EA26B49D3A002FF335 /* NewsSourcesResponse.swift */ = {isa = PBXFileReference; lastKnownFileType = sourcecode.swift; path = NewsSourcesResponse.swift; sourceTree = "<group>"; };
		F9A295EC26B49D9E002FF335 /* Router.swift */ = {isa = PBXFileReference; lastKnownFileType = sourcecode.swift; path = Router.swift; sourceTree = "<group>"; };
		F9A295EE26B4AAE0002FF335 /* Extensions.swift */ = {isa = PBXFileReference; lastKnownFileType = sourcecode.swift; path = Extensions.swift; sourceTree = "<group>"; };
		F9A295F126B4AB32002FF335 /* SourcesCell.swift */ = {isa = PBXFileReference; lastKnownFileType = sourcecode.swift; path = SourcesCell.swift; sourceTree = "<group>"; };
		F9A295F226B4AB32002FF335 /* SourcesCell.xib */ = {isa = PBXFileReference; lastKnownFileType = file.xib; path = SourcesCell.xib; sourceTree = "<group>"; };
		F9A295F526B4B001002FF335 /* SourcesCellPresenter.swift */ = {isa = PBXFileReference; lastKnownFileType = sourcecode.swift; path = SourcesCellPresenter.swift; sourceTree = "<group>"; };
		F9A295FC26B53D38002FF335 /* LoadingView.swift */ = {isa = PBXFileReference; lastKnownFileType = sourcecode.swift; path = LoadingView.swift; sourceTree = "<group>"; };
		F9A295FF26B53D63002FF335 /* LoadingShowable.swift */ = {isa = PBXFileReference; lastKnownFileType = sourcecode.swift; path = LoadingShowable.swift; sourceTree = "<group>"; };
		F9A2960126B54070002FF335 /* DetailsPresenter.swift */ = {isa = PBXFileReference; lastKnownFileType = sourcecode.swift; path = DetailsPresenter.swift; sourceTree = "<group>"; };
		F9A2960226B54070002FF335 /* DetailsRouter.swift */ = {isa = PBXFileReference; lastKnownFileType = sourcecode.swift; path = DetailsRouter.swift; sourceTree = "<group>"; };
		F9A2960426B54070002FF335 /* DetailsInteractor.swift */ = {isa = PBXFileReference; lastKnownFileType = sourcecode.swift; path = DetailsInteractor.swift; sourceTree = "<group>"; };
		F9A2960926B5408C002FF335 /* DetailsViewController.swift */ = {isa = PBXFileReference; lastKnownFileType = sourcecode.swift; path = DetailsViewController.swift; sourceTree = "<group>"; };
		F9A2960A26B5408C002FF335 /* DetailsViewController.xib */ = {isa = PBXFileReference; lastKnownFileType = file.xib; path = DetailsViewController.xib; sourceTree = "<group>"; };
/* End PBXFileReference section */

/* Begin PBXFrameworksBuildPhase section */
		F9A2958C26B46F7D002FF335 /* Frameworks */ = {
			isa = PBXFrameworksBuildPhase;
			buildActionMask = 2147483647;
			files = (
				F99E411B26B56EAB00BD9F22 /* Kingfisher in Frameworks */,
				F9A295D326B476DD002FF335 /* Alamofire in Frameworks */,
			);
			runOnlyForDeploymentPostprocessing = 0;
		};
		F9A295A226B46F7F002FF335 /* Frameworks */ = {
			isa = PBXFrameworksBuildPhase;
			buildActionMask = 2147483647;
			files = (
			);
			runOnlyForDeploymentPostprocessing = 0;
		};
		F9A295AD26B46F7F002FF335 /* Frameworks */ = {
			isa = PBXFrameworksBuildPhase;
			buildActionMask = 2147483647;
			files = (
			);
			runOnlyForDeploymentPostprocessing = 0;
		};
/* End PBXFrameworksBuildPhase section */

/* Begin PBXGroup section */
		F99E411426B5663600BD9F22 /* Entity */ = {
			isa = PBXGroup;
			children = (
				F99E411526B5665200BD9F22 /* NewsDetailsResponse.swift */,
			);
			path = Entity;
			sourceTree = "<group>";
		};
		F99E412826B68CE100BD9F22 /* Home */ = {
			isa = PBXGroup;
			children = (
				F99E412626B68BE300BD9F22 /* MockHomeViewController.swift */,
				F99E412926B68D0900BD9F22 /* MockHomeInteractor.swift */,
				F99E412B26B68DBA00BD9F22 /* HomePresenterTests.swift */,
				F99E412D26B68E8100BD9F22 /* MockHomeRouter.swift */,
				F99E413326B6995600BD9F22 /* NewsSourcesResponse.json */,
			);
			path = Home;
			sourceTree = "<group>";
		};
		F9A2958626B46F7D002FF335 = {
			isa = PBXGroup;
			children = (
				F9A2959126B46F7D002FF335 /* HBNews */,
				F9A295A826B46F7F002FF335 /* HBNewsTests */,
				F9A295B326B46F7F002FF335 /* HBNewsUITests */,
				F9A2959026B46F7D002FF335 /* Products */,
			);
			sourceTree = "<group>";
		};
		F9A2959026B46F7D002FF335 /* Products */ = {
			isa = PBXGroup;
			children = (
				F9A2958F26B46F7D002FF335 /* HBNews.app */,
				F9A295A526B46F7F002FF335 /* HBNewsTests.xctest */,
				F9A295B026B46F7F002FF335 /* HBNewsUITests.xctest */,
			);
			name = Products;
			sourceTree = "<group>";
		};
		F9A2959126B46F7D002FF335 /* HBNews */ = {
			isa = PBXGroup;
			children = (
				F9A295F926B53D02002FF335 /* Resources */,
				F9A295C226B46FD1002FF335 /* App */,
				F9A295D726B478E7002FF335 /* Base */,
				F9A295D426B47741002FF335 /* Network */,
				F9A295C326B4711F002FF335 /* Module */,
			);
			path = HBNews;
			sourceTree = "<group>";
		};
		F9A295A826B46F7F002FF335 /* HBNewsTests */ = {
			isa = PBXGroup;
			children = (
				F99E412826B68CE100BD9F22 /* Home */,
				F9A295A926B46F7F002FF335 /* HBNewsTests.swift */,
				F9A295AB26B46F7F002FF335 /* Info.plist */,
			);
			path = HBNewsTests;
			sourceTree = "<group>";
		};
		F9A295B326B46F7F002FF335 /* HBNewsUITests */ = {
			isa = PBXGroup;
			children = (
				F9A295B426B46F7F002FF335 /* HBNewsUITests.swift */,
				F9A295B626B46F7F002FF335 /* Info.plist */,
			);
			path = HBNewsUITests;
			sourceTree = "<group>";
		};
		F9A295C226B46FD1002FF335 /* App */ = {
			isa = PBXGroup;
			children = (
				F9A2959B26B46F7F002FF335 /* Assets.xcassets */,
				F9A2959D26B46F7F002FF335 /* LaunchScreen.storyboard */,
				F9A295A026B46F7F002FF335 /* Info.plist */,
				F9A2959226B46F7D002FF335 /* AppDelegate.swift */,
				F9A2959426B46F7D002FF335 /* SceneDelegate.swift */,
			);
			path = App;
			sourceTree = "<group>";
		};
		F9A295C326B4711F002FF335 /* Module */ = {
			isa = PBXGroup;
			children = (
				F9A295CC26B4715A002FF335 /* Splash */,
				F9A295DB26B47D6A002FF335 /* Home */,
				F9A295F826B53A7D002FF335 /* Details */,
			);
			path = Module;
			sourceTree = "<group>";
		};
		F9A295CC26B4715A002FF335 /* Splash */ = {
			isa = PBXGroup;
			children = (
				F9A295C426B47155002FF335 /* SplashPresenter.swift */,
				F9A295C526B47155002FF335 /* SplashRouter.swift */,
				F9A295C726B47155002FF335 /* SplashInteractor.swift */,
				F9A295CD26B471AA002FF335 /* SplashViewController.swift */,
				F9A295CE26B471AA002FF335 /* SplashViewController.xib */,
			);
			path = Splash;
			sourceTree = "<group>";
		};
		F9A295D426B47741002FF335 /* Network */ = {
			isa = PBXGroup;
			children = (
				F9A295D526B47753002FF335 /* NetworkManager.swift */,
				F9A295E826B49C20002FF335 /* ServiceManager.swift */,
				F9A295EC26B49D9E002FF335 /* Router.swift */,
			);
			path = Network;
			sourceTree = "<group>";
		};
		F9A295D726B478E7002FF335 /* Base */ = {
			isa = PBXGroup;
			children = (
				F9A295D826B47905002FF335 /* BaseViewController.swift */,
			);
			path = Base;
			sourceTree = "<group>";
		};
		F9A295DB26B47D6A002FF335 /* Home */ = {
			isa = PBXGroup;
			children = (
				F9A295F726B4B56F002FF335 /* Entity */,
				F9A295F026B4AB10002FF335 /* Views */,
				F9A295DC26B47DC7002FF335 /* HomePresenter.swift */,
				F9A295DD26B47DC7002FF335 /* HomeRouter.swift */,
				F9A295DF26B47DC7002FF335 /* HomeInteractor.swift */,
				F9A295E426B47DDE002FF335 /* HomeViewController.swift */,
				F9A295E526B47DDE002FF335 /* HomeViewController.xib */,
			);
			path = Home;
			sourceTree = "<group>";
		};
		F9A295F026B4AB10002FF335 /* Views */ = {
			isa = PBXGroup;
			children = (
				F9A295F126B4AB32002FF335 /* SourcesCell.swift */,
				F9A295F226B4AB32002FF335 /* SourcesCell.xib */,
				F9A295F526B4B001002FF335 /* SourcesCellPresenter.swift */,
			);
			path = Views;
			sourceTree = "<group>";
		};
		F9A295F726B4B56F002FF335 /* Entity */ = {
			isa = PBXGroup;
			children = (
				F9A295EA26B49D3A002FF335 /* NewsSourcesResponse.swift */,
			);
			path = Entity;
			sourceTree = "<group>";
		};
		F9A295F826B53A7D002FF335 /* Details */ = {
			isa = PBXGroup;
			children = (
				F99E411426B5663600BD9F22 /* Entity */,
				F9A2960D26B55006002FF335 /* Views */,
				F9A2960126B54070002FF335 /* DetailsPresenter.swift */,
				F9A2960226B54070002FF335 /* DetailsRouter.swift */,
				F9A2960426B54070002FF335 /* DetailsInteractor.swift */,
				F9A2960926B5408C002FF335 /* DetailsViewController.swift */,
				F9A2960A26B5408C002FF335 /* DetailsViewController.xib */,
			);
			path = Details;
			sourceTree = "<group>";
		};
		F9A295F926B53D02002FF335 /* Resources */ = {
			isa = PBXGroup;
			children = (
				F9A295FE26B53D52002FF335 /* Utils */,
				F9A295FB26B53D1F002FF335 /* Extensions */,
				F9A295FA26B53D09002FF335 /* Views */,
			);
			path = Resources;
			sourceTree = "<group>";
		};
		F9A295FA26B53D09002FF335 /* Views */ = {
			isa = PBXGroup;
			children = (
				F9A295FC26B53D38002FF335 /* LoadingView.swift */,
			);
			path = Views;
			sourceTree = "<group>";
		};
		F9A295FB26B53D1F002FF335 /* Extensions */ = {
			isa = PBXGroup;
			children = (
				F9A295EE26B4AAE0002FF335 /* Extensions.swift */,
			);
			path = Extensions;
			sourceTree = "<group>";
		};
		F9A295FE26B53D52002FF335 /* Utils */ = {
			isa = PBXGroup;
			children = (
				F9A295FF26B53D63002FF335 /* LoadingShowable.swift */,
				F99E412426B5D0B600BD9F22 /* Throttle.swift */,
			);
			path = Utils;
			sourceTree = "<group>";
		};
		F9A2960D26B55006002FF335 /* Views */ = {
			isa = PBXGroup;
			children = (
				F99E411726B56D1E00BD9F22 /* DetailsCellPresenter.swift */,
				F99E412026B5AEF700BD9F22 /* DetailsCell.swift */,
				F99E412126B5AEF700BD9F22 /* DetailsCell.xib */,
			);
			path = Views;
			sourceTree = "<group>";
		};
/* End PBXGroup section */

/* Begin PBXNativeTarget section */
		F9A2958E26B46F7D002FF335 /* HBNews */ = {
			isa = PBXNativeTarget;
			buildConfigurationList = F9A295B926B46F80002FF335 /* Build configuration list for PBXNativeTarget "HBNews" */;
			buildPhases = (
				F9A2958B26B46F7D002FF335 /* Sources */,
				F9A2958C26B46F7D002FF335 /* Frameworks */,
				F9A2958D26B46F7D002FF335 /* Resources */,
			);
			buildRules = (
			);
			dependencies = (
			);
			name = HBNews;
			packageProductDependencies = (
				F9A295D226B476DD002FF335 /* Alamofire */,
				F99E411A26B56EAB00BD9F22 /* Kingfisher */,
			);
			productName = HBNews;
			productReference = F9A2958F26B46F7D002FF335 /* HBNews.app */;
			productType = "com.apple.product-type.application";
		};
		F9A295A426B46F7F002FF335 /* HBNewsTests */ = {
			isa = PBXNativeTarget;
			buildConfigurationList = F9A295BC26B46F80002FF335 /* Build configuration list for PBXNativeTarget "HBNewsTests" */;
			buildPhases = (
				F9A295A126B46F7F002FF335 /* Sources */,
				F9A295A226B46F7F002FF335 /* Frameworks */,
				F9A295A326B46F7F002FF335 /* Resources */,
			);
			buildRules = (
			);
			dependencies = (
				F9A295A726B46F7F002FF335 /* PBXTargetDependency */,
			);
			name = HBNewsTests;
			productName = HBNewsTests;
			productReference = F9A295A526B46F7F002FF335 /* HBNewsTests.xctest */;
			productType = "com.apple.product-type.bundle.unit-test";
		};
		F9A295AF26B46F7F002FF335 /* HBNewsUITests */ = {
			isa = PBXNativeTarget;
			buildConfigurationList = F9A295BF26B46F80002FF335 /* Build configuration list for PBXNativeTarget "HBNewsUITests" */;
			buildPhases = (
				F9A295AC26B46F7F002FF335 /* Sources */,
				F9A295AD26B46F7F002FF335 /* Frameworks */,
				F9A295AE26B46F7F002FF335 /* Resources */,
			);
			buildRules = (
			);
			dependencies = (
				F9A295B226B46F7F002FF335 /* PBXTargetDependency */,
			);
			name = HBNewsUITests;
			productName = HBNewsUITests;
			productReference = F9A295B026B46F7F002FF335 /* HBNewsUITests.xctest */;
			productType = "com.apple.product-type.bundle.ui-testing";
		};
/* End PBXNativeTarget section */

/* Begin PBXProject section */
		F9A2958726B46F7D002FF335 /* Project object */ = {
			isa = PBXProject;
			attributes = {
				LastSwiftUpdateCheck = 1250;
				LastUpgradeCheck = 1250;
				TargetAttributes = {
					F9A2958E26B46F7D002FF335 = {
						CreatedOnToolsVersion = 12.5;
					};
					F9A295A426B46F7F002FF335 = {
						CreatedOnToolsVersion = 12.5;
						TestTargetID = F9A2958E26B46F7D002FF335;
					};
					F9A295AF26B46F7F002FF335 = {
						CreatedOnToolsVersion = 12.5;
						TestTargetID = F9A2958E26B46F7D002FF335;
					};
				};
			};
			buildConfigurationList = F9A2958A26B46F7D002FF335 /* Build configuration list for PBXProject "HBNews" */;
			compatibilityVersion = "Xcode 9.3";
			developmentRegion = en;
			hasScannedForEncodings = 0;
			knownRegions = (
				en,
				Base,
			);
			mainGroup = F9A2958626B46F7D002FF335;
			packageReferences = (
				F9A295D126B476DD002FF335 /* XCRemoteSwiftPackageReference "Alamofire" */,
				F99E411926B56EAB00BD9F22 /* XCRemoteSwiftPackageReference "Kingfisher" */,
			);
			productRefGroup = F9A2959026B46F7D002FF335 /* Products */;
			projectDirPath = "";
			projectRoot = "";
			targets = (
				F9A2958E26B46F7D002FF335 /* HBNews */,
				F9A295A426B46F7F002FF335 /* HBNewsTests */,
				F9A295AF26B46F7F002FF335 /* HBNewsUITests */,
			);
		};
/* End PBXProject section */

/* Begin PBXResourcesBuildPhase section */
		F9A2958D26B46F7D002FF335 /* Resources */ = {
			isa = PBXResourcesBuildPhase;
			buildActionMask = 2147483647;
			files = (
				F9A2959F26B46F7F002FF335 /* LaunchScreen.storyboard in Resources */,
				F9A295D026B471AA002FF335 /* SplashViewController.xib in Resources */,
				F99E412326B5AEF700BD9F22 /* DetailsCell.xib in Resources */,
				F9A295F426B4AB32002FF335 /* SourcesCell.xib in Resources */,
				F9A2959C26B46F7F002FF335 /* Assets.xcassets in Resources */,
				F9A295E726B47DDE002FF335 /* HomeViewController.xib in Resources */,
				F9A2960C26B5408C002FF335 /* DetailsViewController.xib in Resources */,
			);
			runOnlyForDeploymentPostprocessing = 0;
		};
		F9A295A326B46F7F002FF335 /* Resources */ = {
			isa = PBXResourcesBuildPhase;
			buildActionMask = 2147483647;
			files = (
				F99E413426B6995600BD9F22 /* NewsSourcesResponse.json in Resources */,
			);
			runOnlyForDeploymentPostprocessing = 0;
		};
		F9A295AE26B46F7F002FF335 /* Resources */ = {
			isa = PBXResourcesBuildPhase;
			buildActionMask = 2147483647;
			files = (
			);
			runOnlyForDeploymentPostprocessing = 0;
		};
/* End PBXResourcesBuildPhase section */

/* Begin PBXSourcesBuildPhase section */
		F9A2958B26B46F7D002FF335 /* Sources */ = {
			isa = PBXSourcesBuildPhase;
			buildActionMask = 2147483647;
			files = (
				F9A2959326B46F7D002FF335 /* AppDelegate.swift in Sources */,
				F9A295F626B4B001002FF335 /* SourcesCellPresenter.swift in Sources */,
				F9A295CB26B47155002FF335 /* SplashInteractor.swift in Sources */,
				F9A2960026B53D63002FF335 /* LoadingShowable.swift in Sources */,
				F9A295C926B47155002FF335 /* SplashRouter.swift in Sources */,
				F99E411826B56D1E00BD9F22 /* DetailsCellPresenter.swift in Sources */,
				F9A295F326B4AB32002FF335 /* SourcesCell.swift in Sources */,
				F9A295E326B47DC7002FF335 /* HomeInteractor.swift in Sources */,
				F99E411626B5665200BD9F22 /* NewsDetailsResponse.swift in Sources */,
				F9A295EB26B49D3B002FF335 /* NewsSourcesResponse.swift in Sources */,
				F9A295E926B49C20002FF335 /* ServiceManager.swift in Sources */,
				F9A295D626B47753002FF335 /* NetworkManager.swift in Sources */,
				F9A295ED26B49D9E002FF335 /* Router.swift in Sources */,
				F9A2960B26B5408C002FF335 /* DetailsViewController.swift in Sources */,
				F9A2960626B54070002FF335 /* DetailsRouter.swift in Sources */,
				F99E412526B5D0B600BD9F22 /* Throttle.swift in Sources */,
				F9A295CF26B471AA002FF335 /* SplashViewController.swift in Sources */,
				F9A295D926B47905002FF335 /* BaseViewController.swift in Sources */,
				F9A295E026B47DC7002FF335 /* HomePresenter.swift in Sources */,
				F9A295EF26B4AAE0002FF335 /* Extensions.swift in Sources */,
				F9A2959526B46F7D002FF335 /* SceneDelegate.swift in Sources */,
				F9A295C826B47155002FF335 /* SplashPresenter.swift in Sources */,
				F9A2960826B54070002FF335 /* DetailsInteractor.swift in Sources */,
				F9A2960526B54070002FF335 /* DetailsPresenter.swift in Sources */,
				F9A295E126B47DC7002FF335 /* HomeRouter.swift in Sources */,
				F9A295FD26B53D38002FF335 /* LoadingView.swift in Sources */,
				F99E412226B5AEF700BD9F22 /* DetailsCell.swift in Sources */,
				F9A295E626B47DDE002FF335 /* HomeViewController.swift in Sources */,
			);
			runOnlyForDeploymentPostprocessing = 0;
		};
		F9A295A126B46F7F002FF335 /* Sources */ = {
			isa = PBXSourcesBuildPhase;
			buildActionMask = 2147483647;
			files = (
				F9A295AA26B46F7F002FF335 /* HBNewsTests.swift in Sources */,
				F99E412726B68BE300BD9F22 /* MockHomeViewController.swift in Sources */,
				F99E412E26B68E8100BD9F22 /* MockHomeRouter.swift in Sources */,
				F99E412A26B68D0900BD9F22 /* MockHomeInteractor.swift in Sources */,
				F99E412C26B68DBA00BD9F22 /* HomePresenterTests.swift in Sources */,
			);
			runOnlyForDeploymentPostprocessing = 0;
		};
		F9A295AC26B46F7F002FF335 /* Sources */ = {
			isa = PBXSourcesBuildPhase;
			buildActionMask = 2147483647;
			files = (
				F9A295B526B46F7F002FF335 /* HBNewsUITests.swift in Sources */,
			);
			runOnlyForDeploymentPostprocessing = 0;
		};
/* End PBXSourcesBuildPhase section */

/* Begin PBXTargetDependency section */
		F9A295A726B46F7F002FF335 /* PBXTargetDependency */ = {
			isa = PBXTargetDependency;
			target = F9A2958E26B46F7D002FF335 /* HBNews */;
			targetProxy = F9A295A626B46F7F002FF335 /* PBXContainerItemProxy */;
		};
		F9A295B226B46F7F002FF335 /* PBXTargetDependency */ = {
			isa = PBXTargetDependency;
			target = F9A2958E26B46F7D002FF335 /* HBNews */;
			targetProxy = F9A295B126B46F7F002FF335 /* PBXContainerItemProxy */;
		};
/* End PBXTargetDependency section */

/* Begin PBXVariantGroup section */
		F9A2959D26B46F7F002FF335 /* LaunchScreen.storyboard */ = {
			isa = PBXVariantGroup;
			children = (
				F9A2959E26B46F7F002FF335 /* Base */,
			);
			name = LaunchScreen.storyboard;
			sourceTree = "<group>";
		};
/* End PBXVariantGroup section */

/* Begin XCBuildConfiguration section */
		F9A295B726B46F7F002FF335 /* Debug */ = {
			isa = XCBuildConfiguration;
			buildSettings = {
				ALWAYS_SEARCH_USER_PATHS = NO;
				CLANG_ANALYZER_NONNULL = YES;
				CLANG_ANALYZER_NUMBER_OBJECT_CONVERSION = YES_AGGRESSIVE;
				CLANG_CXX_LANGUAGE_STANDARD = "gnu++14";
				CLANG_CXX_LIBRARY = "libc++";
				CLANG_ENABLE_MODULES = YES;
				CLANG_ENABLE_OBJC_ARC = YES;
				CLANG_ENABLE_OBJC_WEAK = YES;
				CLANG_WARN_BLOCK_CAPTURE_AUTORELEASING = YES;
				CLANG_WARN_BOOL_CONVERSION = YES;
				CLANG_WARN_COMMA = YES;
				CLANG_WARN_CONSTANT_CONVERSION = YES;
				CLANG_WARN_DEPRECATED_OBJC_IMPLEMENTATIONS = YES;
				CLANG_WARN_DIRECT_OBJC_ISA_USAGE = YES_ERROR;
				CLANG_WARN_DOCUMENTATION_COMMENTS = YES;
				CLANG_WARN_EMPTY_BODY = YES;
				CLANG_WARN_ENUM_CONVERSION = YES;
				CLANG_WARN_INFINITE_RECURSION = YES;
				CLANG_WARN_INT_CONVERSION = YES;
				CLANG_WARN_NON_LITERAL_NULL_CONVERSION = YES;
				CLANG_WARN_OBJC_IMPLICIT_RETAIN_SELF = YES;
				CLANG_WARN_OBJC_LITERAL_CONVERSION = YES;
				CLANG_WARN_OBJC_ROOT_CLASS = YES_ERROR;
				CLANG_WARN_QUOTED_INCLUDE_IN_FRAMEWORK_HEADER = YES;
				CLANG_WARN_RANGE_LOOP_ANALYSIS = YES;
				CLANG_WARN_STRICT_PROTOTYPES = YES;
				CLANG_WARN_SUSPICIOUS_MOVE = YES;
				CLANG_WARN_UNGUARDED_AVAILABILITY = YES_AGGRESSIVE;
				CLANG_WARN_UNREACHABLE_CODE = YES;
				CLANG_WARN__DUPLICATE_METHOD_MATCH = YES;
				COPY_PHASE_STRIP = NO;
				DEBUG_INFORMATION_FORMAT = dwarf;
				ENABLE_STRICT_OBJC_MSGSEND = YES;
				ENABLE_TESTABILITY = YES;
				GCC_C_LANGUAGE_STANDARD = gnu11;
				GCC_DYNAMIC_NO_PIC = NO;
				GCC_NO_COMMON_BLOCKS = YES;
				GCC_OPTIMIZATION_LEVEL = 0;
				GCC_PREPROCESSOR_DEFINITIONS = (
					"DEBUG=1",
					"$(inherited)",
				);
				GCC_WARN_64_TO_32_BIT_CONVERSION = YES;
				GCC_WARN_ABOUT_RETURN_TYPE = YES_ERROR;
				GCC_WARN_UNDECLARED_SELECTOR = YES;
				GCC_WARN_UNINITIALIZED_AUTOS = YES_AGGRESSIVE;
				GCC_WARN_UNUSED_FUNCTION = YES;
				GCC_WARN_UNUSED_VARIABLE = YES;
				IPHONEOS_DEPLOYMENT_TARGET = 14.5;
				MTL_ENABLE_DEBUG_INFO = INCLUDE_SOURCE;
				MTL_FAST_MATH = YES;
				ONLY_ACTIVE_ARCH = YES;
				SDKROOT = iphoneos;
				SWIFT_ACTIVE_COMPILATION_CONDITIONS = DEBUG;
				SWIFT_OPTIMIZATION_LEVEL = "-Onone";
			};
			name = Debug;
		};
		F9A295B826B46F7F002FF335 /* Release */ = {
			isa = XCBuildConfiguration;
			buildSettings = {
				ALWAYS_SEARCH_USER_PATHS = NO;
				CLANG_ANALYZER_NONNULL = YES;
				CLANG_ANALYZER_NUMBER_OBJECT_CONVERSION = YES_AGGRESSIVE;
				CLANG_CXX_LANGUAGE_STANDARD = "gnu++14";
				CLANG_CXX_LIBRARY = "libc++";
				CLANG_ENABLE_MODULES = YES;
				CLANG_ENABLE_OBJC_ARC = YES;
				CLANG_ENABLE_OBJC_WEAK = YES;
				CLANG_WARN_BLOCK_CAPTURE_AUTORELEASING = YES;
				CLANG_WARN_BOOL_CONVERSION = YES;
				CLANG_WARN_COMMA = YES;
				CLANG_WARN_CONSTANT_CONVERSION = YES;
				CLANG_WARN_DEPRECATED_OBJC_IMPLEMENTATIONS = YES;
				CLANG_WARN_DIRECT_OBJC_ISA_USAGE = YES_ERROR;
				CLANG_WARN_DOCUMENTATION_COMMENTS = YES;
				CLANG_WARN_EMPTY_BODY = YES;
				CLANG_WARN_ENUM_CONVERSION = YES;
				CLANG_WARN_INFINITE_RECURSION = YES;
				CLANG_WARN_INT_CONVERSION = YES;
				CLANG_WARN_NON_LITERAL_NULL_CONVERSION = YES;
				CLANG_WARN_OBJC_IMPLICIT_RETAIN_SELF = YES;
				CLANG_WARN_OBJC_LITERAL_CONVERSION = YES;
				CLANG_WARN_OBJC_ROOT_CLASS = YES_ERROR;
				CLANG_WARN_QUOTED_INCLUDE_IN_FRAMEWORK_HEADER = YES;
				CLANG_WARN_RANGE_LOOP_ANALYSIS = YES;
				CLANG_WARN_STRICT_PROTOTYPES = YES;
				CLANG_WARN_SUSPICIOUS_MOVE = YES;
				CLANG_WARN_UNGUARDED_AVAILABILITY = YES_AGGRESSIVE;
				CLANG_WARN_UNREACHABLE_CODE = YES;
				CLANG_WARN__DUPLICATE_METHOD_MATCH = YES;
				COPY_PHASE_STRIP = NO;
				DEBUG_INFORMATION_FORMAT = "dwarf-with-dsym";
				ENABLE_NS_ASSERTIONS = NO;
				ENABLE_STRICT_OBJC_MSGSEND = YES;
				GCC_C_LANGUAGE_STANDARD = gnu11;
				GCC_NO_COMMON_BLOCKS = YES;
				GCC_WARN_64_TO_32_BIT_CONVERSION = YES;
				GCC_WARN_ABOUT_RETURN_TYPE = YES_ERROR;
				GCC_WARN_UNDECLARED_SELECTOR = YES;
				GCC_WARN_UNINITIALIZED_AUTOS = YES_AGGRESSIVE;
				GCC_WARN_UNUSED_FUNCTION = YES;
				GCC_WARN_UNUSED_VARIABLE = YES;
				IPHONEOS_DEPLOYMENT_TARGET = 14.5;
				MTL_ENABLE_DEBUG_INFO = NO;
				MTL_FAST_MATH = YES;
				SDKROOT = iphoneos;
				SWIFT_COMPILATION_MODE = wholemodule;
				SWIFT_OPTIMIZATION_LEVEL = "-O";
				VALIDATE_PRODUCT = YES;
			};
			name = Release;
		};
		F9A295BA26B46F80002FF335 /* Debug */ = {
			isa = XCBuildConfiguration;
			buildSettings = {
				ASSETCATALOG_COMPILER_APPICON_NAME = AppIcon;
				ASSETCATALOG_COMPILER_GLOBAL_ACCENT_COLOR_NAME = AccentColor;
				CODE_SIGN_IDENTITY = "Apple Development";
				CODE_SIGN_STYLE = Automatic;
				DEVELOPMENT_TEAM = GDP6Y3828G;
				INFOPLIST_FILE = HBNews/App/Info.plist;
				IPHONEOS_DEPLOYMENT_TARGET = 10.0;
				LD_RUNPATH_SEARCH_PATHS = (
					"$(inherited)",
					"@executable_path/Frameworks",
				);
				PRODUCT_BUNDLE_IDENTIFIER = com.Varol.HBNewsApp;
				PRODUCT_NAME = "$(TARGET_NAME)";
				PROVISIONING_PROFILE_SPECIFIER = "";
				SWIFT_VERSION = 5.0;
				TARGETED_DEVICE_FAMILY = "1,2";
			};
			name = Debug;
		};
		F9A295BB26B46F80002FF335 /* Release */ = {
			isa = XCBuildConfiguration;
			buildSettings = {
				ASSETCATALOG_COMPILER_APPICON_NAME = AppIcon;
				ASSETCATALOG_COMPILER_GLOBAL_ACCENT_COLOR_NAME = AccentColor;
				CODE_SIGN_IDENTITY = "Apple Development";
				CODE_SIGN_STYLE = Automatic;
				DEVELOPMENT_TEAM = GDP6Y3828G;
				INFOPLIST_FILE = HBNews/App/Info.plist;
				IPHONEOS_DEPLOYMENT_TARGET = 10.0;
				LD_RUNPATH_SEARCH_PATHS = (
					"$(inherited)",
					"@executable_path/Frameworks",
				);
				PRODUCT_BUNDLE_IDENTIFIER = com.Varol.HBNewsApp;
				PRODUCT_NAME = "$(TARGET_NAME)";
				PROVISIONING_PROFILE_SPECIFIER = "";
				SWIFT_VERSION = 5.0;
				TARGETED_DEVICE_FAMILY = "1,2";
			};
			name = Release;
		};
		F9A295BD26B46F80002FF335 /* Debug */ = {
			isa = XCBuildConfiguration;
			buildSettings = {
				ALWAYS_EMBED_SWIFT_STANDARD_LIBRARIES = YES;
				BUNDLE_LOADER = "$(TEST_HOST)";
				CODE_SIGN_STYLE = Automatic;
				DEVELOPMENT_TEAM = 84JXLLXF24;
				INFOPLIST_FILE = HBNewsTests/Info.plist;
				IPHONEOS_DEPLOYMENT_TARGET = 14.5;
				LD_RUNPATH_SEARCH_PATHS = (
					"$(inherited)",
					"@executable_path/Frameworks",
					"@loader_path/Frameworks",
				);
				PRODUCT_BUNDLE_IDENTIFIER = com.Varol.HBNewsTests;
				PRODUCT_NAME = "$(TARGET_NAME)";
				SWIFT_VERSION = 5.0;
				TARGETED_DEVICE_FAMILY = "1,2";
				TEST_HOST = "$(BUILT_PRODUCTS_DIR)/HBNews.app/HBNews";
			};
			name = Debug;
		};
		F9A295BE26B46F80002FF335 /* Release */ = {
			isa = XCBuildConfiguration;
			buildSettings = {
				ALWAYS_EMBED_SWIFT_STANDARD_LIBRARIES = YES;
				BUNDLE_LOADER = "$(TEST_HOST)";
				CODE_SIGN_STYLE = Automatic;
				DEVELOPMENT_TEAM = 84JXLLXF24;
				INFOPLIST_FILE = HBNewsTests/Info.plist;
				IPHONEOS_DEPLOYMENT_TARGET = 14.5;
				LD_RUNPATH_SEARCH_PATHS = (
					"$(inherited)",
					"@executable_path/Frameworks",
					"@loader_path/Frameworks",
				);
				PRODUCT_BUNDLE_IDENTIFIER = com.Varol.HBNewsTests;
				PRODUCT_NAME = "$(TARGET_NAME)";
				SWIFT_VERSION = 5.0;
				TARGETED_DEVICE_FAMILY = "1,2";
				TEST_HOST = "$(BUILT_PRODUCTS_DIR)/HBNews.app/HBNews";
			};
			name = Release;
		};
		F9A295C026B46F80002FF335 /* Debug */ = {
			isa = XCBuildConfiguration;
			buildSettings = {
				ALWAYS_EMBED_SWIFT_STANDARD_LIBRARIES = YES;
				CODE_SIGN_STYLE = Automatic;
				DEVELOPMENT_TEAM = 84JXLLXF24;
				INFOPLIST_FILE = HBNewsUITests/Info.plist;
				LD_RUNPATH_SEARCH_PATHS = (
					"$(inherited)",
					"@executable_path/Frameworks",
					"@loader_path/Frameworks",
				);
				PRODUCT_BUNDLE_IDENTIFIER = com.Varol.HBNewsUITests;
				PRODUCT_NAME = "$(TARGET_NAME)";
				SWIFT_VERSION = 5.0;
				TARGETED_DEVICE_FAMILY = "1,2";
				TEST_TARGET_NAME = HBNews;
			};
			name = Debug;
		};
		F9A295C126B46F80002FF335 /* Release */ = {
			isa = XCBuildConfiguration;
			buildSettings = {
				ALWAYS_EMBED_SWIFT_STANDARD_LIBRARIES = YES;
				CODE_SIGN_STYLE = Automatic;
				DEVELOPMENT_TEAM = 84JXLLXF24;
				INFOPLIST_FILE = HBNewsUITests/Info.plist;
				LD_RUNPATH_SEARCH_PATHS = (
					"$(inherited)",
					"@executable_path/Frameworks",
					"@loader_path/Frameworks",
				);
				PRODUCT_BUNDLE_IDENTIFIER = com.Varol.HBNewsUITests;
				PRODUCT_NAME = "$(TARGET_NAME)";
				SWIFT_VERSION = 5.0;
				TARGETED_DEVICE_FAMILY = "1,2";
				TEST_TARGET_NAME = HBNews;
			};
			name = Release;
		};
/* End XCBuildConfiguration section */

/* Begin XCConfigurationList section */
		F9A2958A26B46F7D002FF335 /* Build configuration list for PBXProject "HBNews" */ = {
			isa = XCConfigurationList;
			buildConfigurations = (
				F9A295B726B46F7F002FF335 /* Debug */,
				F9A295B826B46F7F002FF335 /* Release */,
			);
			defaultConfigurationIsVisible = 0;
			defaultConfigurationName = Release;
		};
		F9A295B926B46F80002FF335 /* Build configuration list for PBXNativeTarget "HBNews" */ = {
			isa = XCConfigurationList;
			buildConfigurations = (
				F9A295BA26B46F80002FF335 /* Debug */,
				F9A295BB26B46F80002FF335 /* Release */,
			);
			defaultConfigurationIsVisible = 0;
			defaultConfigurationName = Release;
		};
		F9A295BC26B46F80002FF335 /* Build configuration list for PBXNativeTarget "HBNewsTests" */ = {
			isa = XCConfigurationList;
			buildConfigurations = (
				F9A295BD26B46F80002FF335 /* Debug */,
				F9A295BE26B46F80002FF335 /* Release */,
			);
			defaultConfigurationIsVisible = 0;
			defaultConfigurationName = Release;
		};
		F9A295BF26B46F80002FF335 /* Build configuration list for PBXNativeTarget "HBNewsUITests" */ = {
			isa = XCConfigurationList;
			buildConfigurations = (
				F9A295C026B46F80002FF335 /* Debug */,
				F9A295C126B46F80002FF335 /* Release */,
			);
			defaultConfigurationIsVisible = 0;
			defaultConfigurationName = Release;
		};
/* End XCConfigurationList section */

/* Begin XCRemoteSwiftPackageReference section */
		F99E411926B56EAB00BD9F22 /* XCRemoteSwiftPackageReference "Kingfisher" */ = {
			isa = XCRemoteSwiftPackageReference;
			repositoryURL = "https://github.com/onevcat/Kingfisher.git";
			requirement = {
				kind = upToNextMajorVersion;
				minimumVersion = 6.3.0;
			};
		};
		F9A295D126B476DD002FF335 /* XCRemoteSwiftPackageReference "Alamofire" */ = {
			isa = XCRemoteSwiftPackageReference;
			repositoryURL = "https://github.com/Alamofire/Alamofire.git";
			requirement = {
				kind = upToNextMajorVersion;
				minimumVersion = 5.4.3;
			};
		};
/* End XCRemoteSwiftPackageReference section */

/* Begin XCSwiftPackageProductDependency section */
		F99E411A26B56EAB00BD9F22 /* Kingfisher */ = {
			isa = XCSwiftPackageProductDependency;
			package = F99E411926B56EAB00BD9F22 /* XCRemoteSwiftPackageReference "Kingfisher" */;
			productName = Kingfisher;
		};
		F9A295D226B476DD002FF335 /* Alamofire */ = {
			isa = XCSwiftPackageProductDependency;
			package = F9A295D126B476DD002FF335 /* XCRemoteSwiftPackageReference "Alamofire" */;
			productName = Alamofire;
		};
/* End XCSwiftPackageProductDependency section */
	};
	rootObject = F9A2958726B46F7D002FF335 /* Project object */;
}
